
Microsoft Visual Studio Solution File, Format Version 12.00
# Visual Studio Version 17
VisualStudioVersion = 17.9.34728.123
MinimumVisualStudioVersion = 10.0.40219.1
Project("{FAE04EC0-301F-11D3-BF4B-00C04F79EFBC}") = "PIA_WheelDeal", "PIA_WheelDeal\PIA_WheelDeal.csproj", "{D679838C-E539-4429-8C20-BD7026CA9BBF}"
EndProject
Global
	GlobalSection(SolutionConfigurationPlatforms) = preSolution
		Debug|Any CPU = Debug|Any CPU
		Release|Any CPU = Release|Any CPU
	EndGlobalSection
	GlobalSection(ProjectConfigurationPlatforms) = postSolution
		{D679838C-E539-4429-8C20-BD7026CA9BBF}.Debug|Any CPU.ActiveCfg = Debug|Any CPU
		{D679838C-E539-4429-8C20-BD7026CA9BBF}.Debug|Any CPU.Build.0 = Debug|Any CPU
		{D679838C-E539-4429-8C20-BD7026CA9BBF}.Release|Any CPU.ActiveCfg = Release|Any CPU
		{D679838C-E539-4429-8C20-BD7026CA9BBF}.Release|Any CPU.Build.0 = Release|Any CPU
	EndGlobalSection
	GlobalSection(SolutionProperties) = preSolution
		HideSolutionNode = FALSE
	EndGlobalSection
	GlobalSection(ExtensibilityGlobals) = postSolution
		SolutionGuid = {68F2409F-E8F8-4452-A242-0D72E62325F1}
	EndGlobalSection
EndGlobal
